// !$*UTF8*$!
{
	archiveVersion = 1;
	classes = {
	};
	objectVersion = 55;
	objects = {

/* Begin PBXBuildFile section */
		604EE8F32969678E00FD1E1F /* BankDetailEditViewModel.swift in Sources */ = {isa = PBXBuildFile; fileRef = 604EE8F22969678E00FD1E1F /* BankDetailEditViewModel.swift */; };
		604EE8F5296968B000FD1E1F /* BankDetailView.swift in Sources */ = {isa = PBXBuildFile; fileRef = 604EE8F4296968B000FD1E1F /* BankDetailView.swift */; };
		604EE8F7296968D300FD1E1F /* BankDetailEditView.swift in Sources */ = {isa = PBXBuildFile; fileRef = 604EE8F6296968D300FD1E1F /* BankDetailEditView.swift */; };
		604EE8F9296969EC00FD1E1F /* TransactionDetailView.swift in Sources */ = {isa = PBXBuildFile; fileRef = 604EE8F8296969EC00FD1E1F /* TransactionDetailView.swift */; };
		604EE8FB29696A0900FD1E1F /* TransactionDetailEditView.swift in Sources */ = {isa = PBXBuildFile; fileRef = 604EE8FA29696A0900FD1E1F /* TransactionDetailEditView.swift */; };
		604EE900296BC6C400FD1E1F /* Bank.swift in Sources */ = {isa = PBXBuildFile; fileRef = 604EE8FF296BC6C400FD1E1F /* Bank.swift */; };
		604EE902296BC6EC00FD1E1F /* CreditCard.swift in Sources */ = {isa = PBXBuildFile; fileRef = 604EE901296BC6EC00FD1E1F /* CreditCard.swift */; };
		604EE904296BC6F500FD1E1F /* Transaction.swift in Sources */ = {isa = PBXBuildFile; fileRef = 604EE903296BC6F500FD1E1F /* Transaction.swift */; };
		604EE906296BCBAD00FD1E1F /* BankModel.swift in Sources */ = {isa = PBXBuildFile; fileRef = 604EE905296BCBAD00FD1E1F /* BankModel.swift */; };
		604EE908296BD6D100FD1E1F /* CreditCardModel.swift in Sources */ = {isa = PBXBuildFile; fileRef = 604EE907296BD6D100FD1E1F /* CreditCardModel.swift */; };
		604EE90A296BD76C00FD1E1F /* TransactionModel.swift in Sources */ = {isa = PBXBuildFile; fileRef = 604EE909296BD76C00FD1E1F /* TransactionModel.swift */; };
		604EE90E2972C0F900FD1E1F /* CreditCardDetailEditView.swift in Sources */ = {isa = PBXBuildFile; fileRef = 604EE90D2972C0F900FD1E1F /* CreditCardDetailEditView.swift */; };
		604EE9102972C10700FD1E1F /* CreditCardDetailView.swift in Sources */ = {isa = PBXBuildFile; fileRef = 604EE90F2972C10700FD1E1F /* CreditCardDetailView.swift */; };
		604EE9122972C23900FD1E1F /* CreditCardDetailEditViewModel.swift in Sources */ = {isa = PBXBuildFile; fileRef = 604EE9112972C23900FD1E1F /* CreditCardDetailEditViewModel.swift */; };
		60A255432978F0960012FAFC /* CalendarDay.swift in Sources */ = {isa = PBXBuildFile; fileRef = 60A255422978F0960012FAFC /* CalendarDay.swift */; };
		60A255452978F5AE0012FAFC /* CalendarDayButtonView.swift in Sources */ = {isa = PBXBuildFile; fileRef = 60A255442978F5AE0012FAFC /* CalendarDayButtonView.swift */; };
		60A2554729791B490012FAFC /* CalendarViewModel.swift in Sources */ = {isa = PBXBuildFile; fileRef = 60A2554629791B490012FAFC /* CalendarViewModel.swift */; };
		60A2554929791D000012FAFC /* BanksViewModel.swift in Sources */ = {isa = PBXBuildFile; fileRef = 60A2554829791D000012FAFC /* BanksViewModel.swift */; };
		60A2554C297933130012FAFC /* TransactionEntryView.swift in Sources */ = {isa = PBXBuildFile; fileRef = 60A2554B297933130012FAFC /* TransactionEntryView.swift */; };
		60A2554E297933840012FAFC /* TransactionEntryViewModel.swift in Sources */ = {isa = PBXBuildFile; fileRef = 60A2554D297933840012FAFC /* TransactionEntryViewModel.swift */; };
		60A255502979479E0012FAFC /* Categories.swift in Sources */ = {isa = PBXBuildFile; fileRef = 60A2554F2979479E0012FAFC /* Categories.swift */; };
		60A255522979535C0012FAFC /* Currency.swift in Sources */ = {isa = PBXBuildFile; fileRef = 60A255512979535C0012FAFC /* Currency.swift */; };
		60C1B3E829693E28007C4D14 /* BookkeeperApp.swift in Sources */ = {isa = PBXBuildFile; fileRef = 60C1B3E729693E28007C4D14 /* BookkeeperApp.swift */; };
		60C1B3EA29693E28007C4D14 /* RootView.swift in Sources */ = {isa = PBXBuildFile; fileRef = 60C1B3E929693E28007C4D14 /* RootView.swift */; };
		60C1B3F729695555007C4D14 /* CalendarView.swift in Sources */ = {isa = PBXBuildFile; fileRef = 60C1B3F629695555007C4D14 /* CalendarView.swift */; };
		60C1B3FB29695595007C4D14 /* TransactionsView.swift in Sources */ = {isa = PBXBuildFile; fileRef = 60C1B3FA29695595007C4D14 /* TransactionsView.swift */; };
		60C1B3FF29695605007C4D14 /* OverviewView.swift in Sources */ = {isa = PBXBuildFile; fileRef = 60C1B3FE29695605007C4D14 /* OverviewView.swift */; };
		60C1B40229695624007C4D14 /* BanksView.swift in Sources */ = {isa = PBXBuildFile; fileRef = 60C1B40129695624007C4D14 /* BanksView.swift */; };
		DCC750FD05E14C58C3F08CFA /* Pods_Bookkeeper.framework in Frameworks */ = {isa = PBXBuildFile; fileRef = 60CBA5A7BCA0F72DFCD390E1 /* Pods_Bookkeeper.framework */; };
/* End PBXBuildFile section */

/* Begin PBXFileReference section */
		604EE8F22969678E00FD1E1F /* BankDetailEditViewModel.swift */ = {isa = PBXFileReference; lastKnownFileType = sourcecode.swift; path = BankDetailEditViewModel.swift; sourceTree = "<group>"; };
		604EE8F4296968B000FD1E1F /* BankDetailView.swift */ = {isa = PBXFileReference; lastKnownFileType = sourcecode.swift; path = BankDetailView.swift; sourceTree = "<group>"; };
		604EE8F6296968D300FD1E1F /* BankDetailEditView.swift */ = {isa = PBXFileReference; lastKnownFileType = sourcecode.swift; path = BankDetailEditView.swift; sourceTree = "<group>"; };
		604EE8F8296969EC00FD1E1F /* TransactionDetailView.swift */ = {isa = PBXFileReference; lastKnownFileType = sourcecode.swift; path = TransactionDetailView.swift; sourceTree = "<group>"; };
		604EE8FA29696A0900FD1E1F /* TransactionDetailEditView.swift */ = {isa = PBXFileReference; lastKnownFileType = sourcecode.swift; path = TransactionDetailEditView.swift; sourceTree = "<group>"; };
		604EE8FF296BC6C400FD1E1F /* Bank.swift */ = {isa = PBXFileReference; lastKnownFileType = sourcecode.swift; path = Bank.swift; sourceTree = "<group>"; };
		604EE901296BC6EC00FD1E1F /* CreditCard.swift */ = {isa = PBXFileReference; lastKnownFileType = sourcecode.swift; path = CreditCard.swift; sourceTree = "<group>"; };
		604EE903296BC6F500FD1E1F /* Transaction.swift */ = {isa = PBXFileReference; lastKnownFileType = sourcecode.swift; path = Transaction.swift; sourceTree = "<group>"; };
		604EE905296BCBAD00FD1E1F /* BankModel.swift */ = {isa = PBXFileReference; lastKnownFileType = sourcecode.swift; path = BankModel.swift; sourceTree = "<group>"; };
		604EE907296BD6D100FD1E1F /* CreditCardModel.swift */ = {isa = PBXFileReference; lastKnownFileType = sourcecode.swift; path = CreditCardModel.swift; sourceTree = "<group>"; };
		604EE909296BD76C00FD1E1F /* TransactionModel.swift */ = {isa = PBXFileReference; lastKnownFileType = sourcecode.swift; path = TransactionModel.swift; sourceTree = "<group>"; };
		604EE90D2972C0F900FD1E1F /* CreditCardDetailEditView.swift */ = {isa = PBXFileReference; lastKnownFileType = sourcecode.swift; path = CreditCardDetailEditView.swift; sourceTree = "<group>"; };
		604EE90F2972C10700FD1E1F /* CreditCardDetailView.swift */ = {isa = PBXFileReference; lastKnownFileType = sourcecode.swift; path = CreditCardDetailView.swift; sourceTree = "<group>"; };
		604EE9112972C23900FD1E1F /* CreditCardDetailEditViewModel.swift */ = {isa = PBXFileReference; lastKnownFileType = sourcecode.swift; path = CreditCardDetailEditViewModel.swift; sourceTree = "<group>"; };
		60A255422978F0960012FAFC /* CalendarDay.swift */ = {isa = PBXFileReference; lastKnownFileType = sourcecode.swift; path = CalendarDay.swift; sourceTree = "<group>"; };
		60A255442978F5AE0012FAFC /* CalendarDayButtonView.swift */ = {isa = PBXFileReference; lastKnownFileType = sourcecode.swift; path = CalendarDayButtonView.swift; sourceTree = "<group>"; };
		60A2554629791B490012FAFC /* CalendarViewModel.swift */ = {isa = PBXFileReference; lastKnownFileType = sourcecode.swift; path = CalendarViewModel.swift; sourceTree = "<group>"; };
		60A2554829791D000012FAFC /* BanksViewModel.swift */ = {isa = PBXFileReference; lastKnownFileType = sourcecode.swift; path = BanksViewModel.swift; sourceTree = "<group>"; };
		60A2554B297933130012FAFC /* TransactionEntryView.swift */ = {isa = PBXFileReference; lastKnownFileType = sourcecode.swift; path = TransactionEntryView.swift; sourceTree = "<group>"; };
		60A2554D297933840012FAFC /* TransactionEntryViewModel.swift */ = {isa = PBXFileReference; lastKnownFileType = sourcecode.swift; path = TransactionEntryViewModel.swift; sourceTree = "<group>"; };
		60A2554F2979479E0012FAFC /* Categories.swift */ = {isa = PBXFileReference; lastKnownFileType = sourcecode.swift; path = Categories.swift; sourceTree = "<group>"; };
		60A255512979535C0012FAFC /* Currency.swift */ = {isa = PBXFileReference; lastKnownFileType = sourcecode.swift; path = Currency.swift; sourceTree = "<group>"; };
		60C1B3E429693E28007C4D14 /* Bookkeeper.app */ = {isa = PBXFileReference; explicitFileType = wrapper.application; includeInIndex = 0; path = Bookkeeper.app; sourceTree = BUILT_PRODUCTS_DIR; };
		60C1B3E729693E28007C4D14 /* BookkeeperApp.swift */ = {isa = PBXFileReference; lastKnownFileType = sourcecode.swift; path = BookkeeperApp.swift; sourceTree = "<group>"; };
		60C1B3E929693E28007C4D14 /* RootView.swift */ = {isa = PBXFileReference; lastKnownFileType = sourcecode.swift; path = RootView.swift; sourceTree = "<group>"; };
		60C1B3F629695555007C4D14 /* CalendarView.swift */ = {isa = PBXFileReference; lastKnownFileType = sourcecode.swift; path = CalendarView.swift; sourceTree = "<group>"; };
		60C1B3FA29695595007C4D14 /* TransactionsView.swift */ = {isa = PBXFileReference; lastKnownFileType = sourcecode.swift; path = TransactionsView.swift; sourceTree = "<group>"; };
		60C1B3FE29695605007C4D14 /* OverviewView.swift */ = {isa = PBXFileReference; lastKnownFileType = sourcecode.swift; path = OverviewView.swift; sourceTree = "<group>"; };
		60C1B40129695624007C4D14 /* BanksView.swift */ = {isa = PBXFileReference; lastKnownFileType = sourcecode.swift; path = BanksView.swift; sourceTree = "<group>"; };
		60CBA5A7BCA0F72DFCD390E1 /* Pods_Bookkeeper.framework */ = {isa = PBXFileReference; explicitFileType = wrapper.framework; includeInIndex = 0; path = Pods_Bookkeeper.framework; sourceTree = BUILT_PRODUCTS_DIR; };
		A55818846E1F9B4106400066 /* Pods-Bookkeeper.release.xcconfig */ = {isa = PBXFileReference; includeInIndex = 1; lastKnownFileType = text.xcconfig; name = "Pods-Bookkeeper.release.xcconfig"; path = "Target Support Files/Pods-Bookkeeper/Pods-Bookkeeper.release.xcconfig"; sourceTree = "<group>"; };
		AE7A19328A2059CB997494EA /* Pods-Bookkeeper.debug.xcconfig */ = {isa = PBXFileReference; includeInIndex = 1; lastKnownFileType = text.xcconfig; name = "Pods-Bookkeeper.debug.xcconfig"; path = "Target Support Files/Pods-Bookkeeper/Pods-Bookkeeper.debug.xcconfig"; sourceTree = "<group>"; };
/* End PBXFileReference section */

/* Begin PBXFrameworksBuildPhase section */
		60C1B3E129693E28007C4D14 /* Frameworks */ = {
			isa = PBXFrameworksBuildPhase;
			buildActionMask = 2147483647;
			files = (
				DCC750FD05E14C58C3F08CFA /* Pods_Bookkeeper.framework in Frameworks */,
			);
			runOnlyForDeploymentPostprocessing = 0;
		};
/* End PBXFrameworksBuildPhase section */

/* Begin PBXGroup section */
		4F34F1CEA19A9BEE3E27F580 /* Frameworks */ = {
			isa = PBXGroup;
			children = (
				60CBA5A7BCA0F72DFCD390E1 /* Pods_Bookkeeper.framework */,
			);
			name = Frameworks;
			sourceTree = "<group>";
		};
		604EE8F0296966B900FD1E1F /* ViewModels */ = {
			isa = PBXGroup;
			children = (
				60A2554D297933840012FAFC /* TransactionEntryViewModel.swift */,
				60A2554629791B490012FAFC /* CalendarViewModel.swift */,
				60A2554829791D000012FAFC /* BanksViewModel.swift */,
				604EE8F22969678E00FD1E1F /* BankDetailEditViewModel.swift */,
				604EE9112972C23900FD1E1F /* CreditCardDetailEditViewModel.swift */,
			);
			path = ViewModels;
			sourceTree = "<group>";
		};
		604EE8F1296966F300FD1E1F /* Models */ = {
			isa = PBXGroup;
			children = (
				604EE905296BCBAD00FD1E1F /* BankModel.swift */,
				604EE907296BD6D100FD1E1F /* CreditCardModel.swift */,
				604EE909296BD76C00FD1E1F /* TransactionModel.swift */,
			);
			path = Models;
			sourceTree = "<group>";
		};
		604EE8FE296BC6A200FD1E1F /* Structs */ = {
			isa = PBXGroup;
			children = (
				60A255422978F0960012FAFC /* CalendarDay.swift */,
				604EE8FF296BC6C400FD1E1F /* Bank.swift */,
				604EE901296BC6EC00FD1E1F /* CreditCard.swift */,
				604EE903296BC6F500FD1E1F /* Transaction.swift */,
				60A2554F2979479E0012FAFC /* Categories.swift */,
				60A255512979535C0012FAFC /* Currency.swift */,
			);
			path = Structs;
			sourceTree = "<group>";
		};
		60A2554A297932F90012FAFC /* TransactionEntry */ = {
			isa = PBXGroup;
			children = (
				60A2554B297933130012FAFC /* TransactionEntryView.swift */,
			);
			path = TransactionEntry;
			sourceTree = "<group>";
		};
		60C1B3DB29693E28007C4D14 = {
			isa = PBXGroup;
			children = (
				60C1B3E629693E28007C4D14 /* Bookkeeper */,
				60C1B3E529693E28007C4D14 /* Products */,
				C52309F02DB58C8581B869F3 /* Pods */,
				4F34F1CEA19A9BEE3E27F580 /* Frameworks */,
			);
			sourceTree = "<group>";
		};
		60C1B3E529693E28007C4D14 /* Products */ = {
			isa = PBXGroup;
			children = (
				60C1B3E429693E28007C4D14 /* Bookkeeper.app */,
			);
			name = Products;
			sourceTree = "<group>";
		};
		60C1B3E629693E28007C4D14 /* Bookkeeper */ = {
			isa = PBXGroup;
			children = (
				60C1B3E729693E28007C4D14 /* BookkeeperApp.swift */,
				60C1B3E929693E28007C4D14 /* RootView.swift */,
				60A2554A297932F90012FAFC /* TransactionEntry */,
				60C1B3F529695544007C4D14 /* Calendar */,
				60C1B3F929695586007C4D14 /* Transactions */,
				60C1B3FD296955FB007C4D14 /* Overview */,
				60C1B40029695618007C4D14 /* Banks */,
				604EE8F0296966B900FD1E1F /* ViewModels */,
				604EE8FE296BC6A200FD1E1F /* Structs */,
				604EE8F1296966F300FD1E1F /* Models */,
			);
			path = Bookkeeper;
			sourceTree = "<group>";
		};
		60C1B3F529695544007C4D14 /* Calendar */ = {
			isa = PBXGroup;
			children = (
				60C1B3F629695555007C4D14 /* CalendarView.swift */,
				60A255442978F5AE0012FAFC /* CalendarDayButtonView.swift */,
			);
			path = Calendar;
			sourceTree = "<group>";
		};
		60C1B3F929695586007C4D14 /* Transactions */ = {
			isa = PBXGroup;
			children = (
				60C1B3FA29695595007C4D14 /* TransactionsView.swift */,
				604EE8F8296969EC00FD1E1F /* TransactionDetailView.swift */,
				604EE8FA29696A0900FD1E1F /* TransactionDetailEditView.swift */,
			);
			path = Transactions;
			sourceTree = "<group>";
		};
		60C1B3FD296955FB007C4D14 /* Overview */ = {
			isa = PBXGroup;
			children = (
				60C1B3FE29695605007C4D14 /* OverviewView.swift */,
			);
			path = Overview;
			sourceTree = "<group>";
		};
		60C1B40029695618007C4D14 /* Banks */ = {
			isa = PBXGroup;
			children = (
				60C1B40129695624007C4D14 /* BanksView.swift */,
				604EE8F4296968B000FD1E1F /* BankDetailView.swift */,
				604EE8F6296968D300FD1E1F /* BankDetailEditView.swift */,
				604EE90F2972C10700FD1E1F /* CreditCardDetailView.swift */,
				604EE90D2972C0F900FD1E1F /* CreditCardDetailEditView.swift */,
			);
			path = Banks;
			sourceTree = "<group>";
		};
		C52309F02DB58C8581B869F3 /* Pods */ = {
			isa = PBXGroup;
			children = (
				AE7A19328A2059CB997494EA /* Pods-Bookkeeper.debug.xcconfig */,
				A55818846E1F9B4106400066 /* Pods-Bookkeeper.release.xcconfig */,
			);
			path = Pods;
			sourceTree = "<group>";
		};
/* End PBXGroup section */

/* Begin PBXNativeTarget section */
		60C1B3E329693E28007C4D14 /* Bookkeeper */ = {
			isa = PBXNativeTarget;
			buildConfigurationList = 60C1B3F229693E29007C4D14 /* Build configuration list for PBXNativeTarget "Bookkeeper" */;
			buildPhases = (
				2336ECA8CDFC0B0A16FE51D4 /* [CP] Check Pods Manifest.lock */,
				60C1B3E029693E28007C4D14 /* Sources */,
				60C1B3E129693E28007C4D14 /* Frameworks */,
				60C1B3E229693E28007C4D14 /* Resources */,
				33FAAE5A45682B7ABE7E7A51 /* [CP] Embed Pods Frameworks */,
			);
			buildRules = (
			);
			dependencies = (
			);
			name = Bookkeeper;
			productName = Bookkeeper;
			productReference = 60C1B3E429693E28007C4D14 /* Bookkeeper.app */;
			productType = "com.apple.product-type.application";
		};
/* End PBXNativeTarget section */

/* Begin PBXProject section */
		60C1B3DC29693E28007C4D14 /* Project object */ = {
			isa = PBXProject;
			attributes = {
				BuildIndependentTargetsInParallel = 1;
				LastSwiftUpdateCheck = 1330;
				LastUpgradeCheck = 1330;
				TargetAttributes = {
					60C1B3E329693E28007C4D14 = {
						CreatedOnToolsVersion = 13.3;
					};
				};
			};
			buildConfigurationList = 60C1B3DF29693E28007C4D14 /* Build configuration list for PBXProject "Bookkeeper" */;
			compatibilityVersion = "Xcode 13.0";
			developmentRegion = en;
			hasScannedForEncodings = 0;
			knownRegions = (
				en,
				Base,
			);
			mainGroup = 60C1B3DB29693E28007C4D14;
			productRefGroup = 60C1B3E529693E28007C4D14 /* Products */;
			projectDirPath = "";
			projectRoot = "";
			targets = (
				60C1B3E329693E28007C4D14 /* Bookkeeper */,
			);
		};
/* End PBXProject section */

/* Begin PBXResourcesBuildPhase section */
		60C1B3E229693E28007C4D14 /* Resources */ = {
			isa = PBXResourcesBuildPhase;
			buildActionMask = 2147483647;
			files = (
			);
			runOnlyForDeploymentPostprocessing = 0;
		};
/* End PBXResourcesBuildPhase section */

/* Begin PBXShellScriptBuildPhase section */
		2336ECA8CDFC0B0A16FE51D4 /* [CP] Check Pods Manifest.lock */ = {
			isa = PBXShellScriptBuildPhase;
			buildActionMask = 2147483647;
			files = (
			);
			inputFileListPaths = (
			);
			inputPaths = (
				"${PODS_PODFILE_DIR_PATH}/Podfile.lock",
				"${PODS_ROOT}/Manifest.lock",
			);
			name = "[CP] Check Pods Manifest.lock";
			outputFileListPaths = (
			);
			outputPaths = (
				"$(DERIVED_FILE_DIR)/Pods-Bookkeeper-checkManifestLockResult.txt",
			);
			runOnlyForDeploymentPostprocessing = 0;
			shellPath = /bin/sh;
			shellScript = "diff \"${PODS_PODFILE_DIR_PATH}/Podfile.lock\" \"${PODS_ROOT}/Manifest.lock\" > /dev/null\nif [ $? != 0 ] ; then\n    # print error to STDERR\n    echo \"error: The sandbox is not in sync with the Podfile.lock. Run 'pod install' or update your CocoaPods installation.\" >&2\n    exit 1\nfi\n# This output is used by Xcode 'outputs' to avoid re-running this script phase.\necho \"SUCCESS\" > \"${SCRIPT_OUTPUT_FILE_0}\"\n";
			showEnvVarsInLog = 0;
		};
		33FAAE5A45682B7ABE7E7A51 /* [CP] Embed Pods Frameworks */ = {
			isa = PBXShellScriptBuildPhase;
			buildActionMask = 2147483647;
			files = (
			);
			inputFileListPaths = (
				"${PODS_ROOT}/Target Support Files/Pods-Bookkeeper/Pods-Bookkeeper-frameworks-${CONFIGURATION}-input-files.xcfilelist",
			);
			name = "[CP] Embed Pods Frameworks";
			outputFileListPaths = (
				"${PODS_ROOT}/Target Support Files/Pods-Bookkeeper/Pods-Bookkeeper-frameworks-${CONFIGURATION}-output-files.xcfilelist",
			);
			runOnlyForDeploymentPostprocessing = 0;
			shellPath = /bin/sh;
			shellScript = "\"${PODS_ROOT}/Target Support Files/Pods-Bookkeeper/Pods-Bookkeeper-frameworks.sh\"\n";
			showEnvVarsInLog = 0;
		};
/* End PBXShellScriptBuildPhase section */

/* Begin PBXSourcesBuildPhase section */
		60C1B3E029693E28007C4D14 /* Sources */ = {
			isa = PBXSourcesBuildPhase;
			buildActionMask = 2147483647;
			files = (
				604EE90A296BD76C00FD1E1F /* TransactionModel.swift in Sources */,
				604EE8F7296968D300FD1E1F /* BankDetailEditView.swift in Sources */,
				60A255432978F0960012FAFC /* CalendarDay.swift in Sources */,
				60C1B3EA29693E28007C4D14 /* RootView.swift in Sources */,
				60A2554E297933840012FAFC /* TransactionEntryViewModel.swift in Sources */,
				60A255502979479E0012FAFC /* Categories.swift in Sources */,
				604EE902296BC6EC00FD1E1F /* CreditCard.swift in Sources */,
				60A2554729791B490012FAFC /* CalendarViewModel.swift in Sources */,
				604EE8F5296968B000FD1E1F /* BankDetailView.swift in Sources */,
				60C1B3FB29695595007C4D14 /* TransactionsView.swift in Sources */,
				604EE8FB29696A0900FD1E1F /* TransactionDetailEditView.swift in Sources */,
				604EE9102972C10700FD1E1F /* CreditCardDetailView.swift in Sources */,
				60A255522979535C0012FAFC /* Currency.swift in Sources */,
				60C1B40229695624007C4D14 /* BanksView.swift in Sources */,
				604EE90E2972C0F900FD1E1F /* CreditCardDetailEditView.swift in Sources */,
				60A255452978F5AE0012FAFC /* CalendarDayButtonView.swift in Sources */,
				604EE906296BCBAD00FD1E1F /* BankModel.swift in Sources */,
				60A2554C297933130012FAFC /* TransactionEntryView.swift in Sources */,
				60C1B3FF29695605007C4D14 /* OverviewView.swift in Sources */,
				604EE9122972C23900FD1E1F /* CreditCardDetailEditViewModel.swift in Sources */,
				604EE8F9296969EC00FD1E1F /* TransactionDetailView.swift in Sources */,
				60C1B3E829693E28007C4D14 /* BookkeeperApp.swift in Sources */,
				60A2554929791D000012FAFC /* BanksViewModel.swift in Sources */,
				60C1B3F729695555007C4D14 /* CalendarView.swift in Sources */,
				604EE900296BC6C400FD1E1F /* Bank.swift in Sources */,
				604EE908296BD6D100FD1E1F /* CreditCardModel.swift in Sources */,
				604EE8F32969678E00FD1E1F /* BankDetailEditViewModel.swift in Sources */,
				604EE904296BC6F500FD1E1F /* Transaction.swift in Sources */,
			);
			runOnlyForDeploymentPostprocessing = 0;
		};
/* End PBXSourcesBuildPhase section */

/* Begin XCBuildConfiguration section */
		60C1B3F029693E29007C4D14 /* Debug */ = {
			isa = XCBuildConfiguration;
			buildSettings = {
				ALWAYS_SEARCH_USER_PATHS = NO;
				CLANG_ANALYZER_NONNULL = YES;
				CLANG_ANALYZER_NUMBER_OBJECT_CONVERSION = YES_AGGRESSIVE;
				CLANG_CXX_LANGUAGE_STANDARD = "gnu++17";
				CLANG_ENABLE_MODULES = YES;
				CLANG_ENABLE_OBJC_ARC = YES;
				CLANG_ENABLE_OBJC_WEAK = YES;
				CLANG_WARN_BLOCK_CAPTURE_AUTORELEASING = YES;
				CLANG_WARN_BOOL_CONVERSION = YES;
				CLANG_WARN_COMMA = YES;
				CLANG_WARN_CONSTANT_CONVERSION = YES;
				CLANG_WARN_DEPRECATED_OBJC_IMPLEMENTATIONS = YES;
				CLANG_WARN_DIRECT_OBJC_ISA_USAGE = YES_ERROR;
				CLANG_WARN_DOCUMENTATION_COMMENTS = YES;
				CLANG_WARN_EMPTY_BODY = YES;
				CLANG_WARN_ENUM_CONVERSION = YES;
				CLANG_WARN_INFINITE_RECURSION = YES;
				CLANG_WARN_INT_CONVERSION = YES;
				CLANG_WARN_NON_LITERAL_NULL_CONVERSION = YES;
				CLANG_WARN_OBJC_IMPLICIT_RETAIN_SELF = YES;
				CLANG_WARN_OBJC_LITERAL_CONVERSION = YES;
				CLANG_WARN_OBJC_ROOT_CLASS = YES_ERROR;
				CLANG_WARN_QUOTED_INCLUDE_IN_FRAMEWORK_HEADER = YES;
				CLANG_WARN_RANGE_LOOP_ANALYSIS = YES;
				CLANG_WARN_STRICT_PROTOTYPES = YES;
				CLANG_WARN_SUSPICIOUS_MOVE = YES;
				CLANG_WARN_UNGUARDED_AVAILABILITY = YES_AGGRESSIVE;
				CLANG_WARN_UNREACHABLE_CODE = YES;
				CLANG_WARN__DUPLICATE_METHOD_MATCH = YES;
				COPY_PHASE_STRIP = NO;
				DEBUG_INFORMATION_FORMAT = dwarf;
				ENABLE_STRICT_OBJC_MSGSEND = YES;
				ENABLE_TESTABILITY = YES;
				GCC_C_LANGUAGE_STANDARD = gnu11;
				GCC_DYNAMIC_NO_PIC = NO;
				GCC_NO_COMMON_BLOCKS = YES;
				GCC_OPTIMIZATION_LEVEL = 0;
				GCC_PREPROCESSOR_DEFINITIONS = (
					"DEBUG=1",
					"$(inherited)",
				);
				GCC_WARN_64_TO_32_BIT_CONVERSION = YES;
				GCC_WARN_ABOUT_RETURN_TYPE = YES_ERROR;
				GCC_WARN_UNDECLARED_SELECTOR = YES;
				GCC_WARN_UNINITIALIZED_AUTOS = YES_AGGRESSIVE;
				GCC_WARN_UNUSED_FUNCTION = YES;
				GCC_WARN_UNUSED_VARIABLE = YES;
				IPHONEOS_DEPLOYMENT_TARGET = 15.4;
				MTL_ENABLE_DEBUG_INFO = INCLUDE_SOURCE;
				MTL_FAST_MATH = YES;
				ONLY_ACTIVE_ARCH = YES;
				SDKROOT = iphoneos;
				SWIFT_ACTIVE_COMPILATION_CONDITIONS = DEBUG;
				SWIFT_OPTIMIZATION_LEVEL = "-Onone";
			};
			name = Debug;
		};
		60C1B3F129693E29007C4D14 /* Release */ = {
			isa = XCBuildConfiguration;
			buildSettings = {
				ALWAYS_SEARCH_USER_PATHS = NO;
				CLANG_ANALYZER_NONNULL = YES;
				CLANG_ANALYZER_NUMBER_OBJECT_CONVERSION = YES_AGGRESSIVE;
				CLANG_CXX_LANGUAGE_STANDARD = "gnu++17";
				CLANG_ENABLE_MODULES = YES;
				CLANG_ENABLE_OBJC_ARC = YES;
				CLANG_ENABLE_OBJC_WEAK = YES;
				CLANG_WARN_BLOCK_CAPTURE_AUTORELEASING = YES;
				CLANG_WARN_BOOL_CONVERSION = YES;
				CLANG_WARN_COMMA = YES;
				CLANG_WARN_CONSTANT_CONVERSION = YES;
				CLANG_WARN_DEPRECATED_OBJC_IMPLEMENTATIONS = YES;
				CLANG_WARN_DIRECT_OBJC_ISA_USAGE = YES_ERROR;
				CLANG_WARN_DOCUMENTATION_COMMENTS = YES;
				CLANG_WARN_EMPTY_BODY = YES;
				CLANG_WARN_ENUM_CONVERSION = YES;
				CLANG_WARN_INFINITE_RECURSION = YES;
				CLANG_WARN_INT_CONVERSION = YES;
				CLANG_WARN_NON_LITERAL_NULL_CONVERSION = YES;
				CLANG_WARN_OBJC_IMPLICIT_RETAIN_SELF = YES;
				CLANG_WARN_OBJC_LITERAL_CONVERSION = YES;
				CLANG_WARN_OBJC_ROOT_CLASS = YES_ERROR;
				CLANG_WARN_QUOTED_INCLUDE_IN_FRAMEWORK_HEADER = YES;
				CLANG_WARN_RANGE_LOOP_ANALYSIS = YES;
				CLANG_WARN_STRICT_PROTOTYPES = YES;
				CLANG_WARN_SUSPICIOUS_MOVE = YES;
				CLANG_WARN_UNGUARDED_AVAILABILITY = YES_AGGRESSIVE;
				CLANG_WARN_UNREACHABLE_CODE = YES;
				CLANG_WARN__DUPLICATE_METHOD_MATCH = YES;
				COPY_PHASE_STRIP = NO;
				DEBUG_INFORMATION_FORMAT = "dwarf-with-dsym";
				ENABLE_NS_ASSERTIONS = NO;
				ENABLE_STRICT_OBJC_MSGSEND = YES;
				GCC_C_LANGUAGE_STANDARD = gnu11;
				GCC_NO_COMMON_BLOCKS = YES;
				GCC_WARN_64_TO_32_BIT_CONVERSION = YES;
				GCC_WARN_ABOUT_RETURN_TYPE = YES_ERROR;
				GCC_WARN_UNDECLARED_SELECTOR = YES;
				GCC_WARN_UNINITIALIZED_AUTOS = YES_AGGRESSIVE;
				GCC_WARN_UNUSED_FUNCTION = YES;
				GCC_WARN_UNUSED_VARIABLE = YES;
				IPHONEOS_DEPLOYMENT_TARGET = 15.4;
				MTL_ENABLE_DEBUG_INFO = NO;
				MTL_FAST_MATH = YES;
				SDKROOT = iphoneos;
				SWIFT_COMPILATION_MODE = wholemodule;
				SWIFT_OPTIMIZATION_LEVEL = "-O";
				VALIDATE_PRODUCT = YES;
			};
			name = Release;
		};
		60C1B3F329693E29007C4D14 /* Debug */ = {
			isa = XCBuildConfiguration;
			baseConfigurationReference = AE7A19328A2059CB997494EA /* Pods-Bookkeeper.debug.xcconfig */;
			buildSettings = {
				ASSETCATALOG_COMPILER_APPICON_NAME = AppIcon;
				ASSETCATALOG_COMPILER_GLOBAL_ACCENT_COLOR_NAME = AccentColor;
				CODE_SIGN_STYLE = Automatic;
				CURRENT_PROJECT_VERSION = 1;
				DEVELOPMENT_TEAM = AU55D7J68G;
				ENABLE_PREVIEWS = YES;
				GENERATE_INFOPLIST_FILE = YES;
				INFOPLIST_KEY_UIApplicationSceneManifest_Generation = YES;
				INFOPLIST_KEY_UIApplicationSupportsIndirectInputEvents = YES;
				INFOPLIST_KEY_UILaunchScreen_Generation = YES;
				INFOPLIST_KEY_UISupportedInterfaceOrientations_iPad = "UIInterfaceOrientationPortrait UIInterfaceOrientationPortraitUpsideDown UIInterfaceOrientationLandscapeLeft UIInterfaceOrientationLandscapeRight";
				INFOPLIST_KEY_UISupportedInterfaceOrientations_iPhone = "UIInterfaceOrientationPortrait UIInterfaceOrientationLandscapeLeft UIInterfaceOrientationLandscapeRight";
				LD_RUNPATH_SEARCH_PATHS = (
					"$(inherited)",
					"@executable_path/Frameworks",
				);
				MARKETING_VERSION = 1.0;
				PRODUCT_BUNDLE_IDENTIFIER = "com.koso-suzuki.Bookkeeper";
				PRODUCT_NAME = "$(TARGET_NAME)";
				SWIFT_EMIT_LOC_STRINGS = YES;
				SWIFT_VERSION = 5.0;
				TARGETED_DEVICE_FAMILY = "1,2";
			};
			name = Debug;
		};
		60C1B3F429693E29007C4D14 /* Release */ = {
			isa = XCBuildConfiguration;
			baseConfigurationReference = A55818846E1F9B4106400066 /* Pods-Bookkeeper.release.xcconfig */;
			buildSettings = {
				ASSETCATALOG_COMPILER_APPICON_NAME = AppIcon;
				ASSETCATALOG_COMPILER_GLOBAL_ACCENT_COLOR_NAME = AccentColor;
				CODE_SIGN_STYLE = Automatic;
				CURRENT_PROJECT_VERSION = 1;
				DEVELOPMENT_TEAM = AU55D7J68G;
				ENABLE_PREVIEWS = YES;
				GENERATE_INFOPLIST_FILE = YES;
				INFOPLIST_KEY_UIApplicationSceneManifest_Generation = YES;
				INFOPLIST_KEY_UIApplicationSupportsIndirectInputEvents = YES;
				INFOPLIST_KEY_UILaunchScreen_Generation = YES;
				INFOPLIST_KEY_UISupportedInterfaceOrientations_iPad = "UIInterfaceOrientationPortrait UIInterfaceOrientationPortraitUpsideDown UIInterfaceOrientationLandscapeLeft UIInterfaceOrientationLandscapeRight";
				INFOPLIST_KEY_UISupportedInterfaceOrientations_iPhone = "UIInterfaceOrientationPortrait UIInterfaceOrientationLandscapeLeft UIInterfaceOrientationLandscapeRight";
				LD_RUNPATH_SEARCH_PATHS = (
					"$(inherited)",
					"@executable_path/Frameworks",
				);
				MARKETING_VERSION = 1.0;
				PRODUCT_BUNDLE_IDENTIFIER = "com.koso-suzuki.Bookkeeper";
				PRODUCT_NAME = "$(TARGET_NAME)";
				SWIFT_EMIT_LOC_STRINGS = YES;
				SWIFT_VERSION = 5.0;
				TARGETED_DEVICE_FAMILY = "1,2";
			};
			name = Release;
		};
/* End XCBuildConfiguration section */

/* Begin XCConfigurationList section */
		60C1B3DF29693E28007C4D14 /* Build configuration list for PBXProject "Bookkeeper" */ = {
			isa = XCConfigurationList;
			buildConfigurations = (
				60C1B3F029693E29007C4D14 /* Debug */,
				60C1B3F129693E29007C4D14 /* Release */,
			);
			defaultConfigurationIsVisible = 0;
			defaultConfigurationName = Release;
		};
		60C1B3F229693E29007C4D14 /* Build configuration list for PBXNativeTarget "Bookkeeper" */ = {
			isa = XCConfigurationList;
			buildConfigurations = (
				60C1B3F329693E29007C4D14 /* Debug */,
				60C1B3F429693E29007C4D14 /* Release */,
			);
			defaultConfigurationIsVisible = 0;
			defaultConfigurationName = Release;
		};
/* End XCConfigurationList section */
	};
	rootObject = 60C1B3DC29693E28007C4D14 /* Project object */;
}
